
Microsoft Visual Studio Solution File, Format Version 12.00
# Visual Studio Version 17
VisualStudioVersion = 17.4.33213.308
MinimumVisualStudioVersion = 10.0.40219.1
Project("{FAE04EC0-301F-11D3-BF4B-00C04F79EFBC}") = "ServerApi", "ServerApi\ServerApi.csproj", "{199F13BA-1811-412E-A042-B186106AFE74}"
EndProject
Global
	GlobalSection(SolutionConfigurationPlatforms) = preSolution
		Debug|Any CPU = Debug|Any CPU
		Release|Any CPU = Release|Any CPU
	EndGlobalSection
	GlobalSection(ProjectConfigurationPlatforms) = postSolution
		{199F13BA-1811-412E-A042-B186106AFE74}.Debug|Any CPU.ActiveCfg = Debug|Any CPU
		{199F13BA-1811-412E-A042-B186106AFE74}.Debug|Any CPU.Build.0 = Debug|Any CPU
		{199F13BA-1811-412E-A042-B186106AFE74}.Release|Any CPU.ActiveCfg = Release|Any CPU
		{199F13BA-1811-412E-A042-B186106AFE74}.Release|Any CPU.Build.0 = Release|Any CPU
	EndGlobalSection
	GlobalSection(SolutionProperties) = preSolution
		HideSolutionNode = FALSE
	EndGlobalSection
	GlobalSection(ExtensibilityGlobals) = postSolution
		SolutionGuid = {7E402860-05FE-4820-9A99-AB9F9EF8C220}
	EndGlobalSection
EndGlobal
